<?xml version="1.0" encoding="UTF-8"?>
<!DOCTYPE plist PUBLIC "-//Apple//DTD PLIST 1.0//EN" "http://www.apple.com/DTDs/PropertyList-1.0.dtd">
<plist version="1.0">
<dict>
	<key>archiveVersion</key>
	<string>1</string>
	<key>classes</key>
	<dict/>
	<key>objectVersion</key>
	<string>56</string>
	<key>objects</key>
	<dict>
		<key>0189424A5A60FED329FA868E</key>
		<dict>
			<key>buildActionMask</key>
			<integer>2147483647</integer>
			<key>files</key>
			<array>
				<string>CF8A4D27E1C506A7C75A76BE</string>
			</array>
			<key>isa</key>
			<string>PBXResourcesBuildPhase</string>
			<key>runOnlyForDeploymentPostprocessing</key>
			<integer>0</integer>
		</dict>
		<key>0E8A3AD980EC179856012B7E</key>
		<dict>
			<key>buildConfigurationList</key>
			<string>3ADB3100893F0122E432328D</string>
			<key>buildPhases</key>
			<array>
				<string>72A8017E75795FC05F78F54C</string>
				<string>7561BFB015D8F536760CB671</string>
				<string>0189424A5A60FED329FA868E</string>
			</array>
			<key>buildRules</key>
			<array/>
			<key>dependencies</key>
			<array/>
			<key>isa</key>
			<string>PBXNativeTarget</string>
			<key>name</key>
			<string>FoldBeat</string>
			<key>productName</key>
			<string>FoldBeat</string>
			<key>productReference</key>
			<string>38A007151ABE87CC01A5B6E9</string>
			<key>productType</key>
			<string>com.apple.product-type.application</string>
		</dict>
		<key>3685E330EC5277A9DD5661C6</key>
		<dict>
			<key>isa</key>
			<string>PBXFileReference</string>
			<key>lastKnownFileType</key>
			<string>folder.assetcatalog</string>
			<key>path</key>
			<string>Assets.xcassets</string>
			<key>sourceTree</key>
			<string>&lt;group&gt;</string>
		</dict>
		<key>38A007151ABE87CC01A5B6E9</key>
		<dict>
			<key>explicitFileType</key>
			<string>wrapper.application</string>
			<key>isa</key>
			<string>PBXFileReference</string>
			<key>path</key>
			<string>FoldBeat.app</string>
			<key>sourceTree</key>
			<string>BUILT_PRODUCTS_DIR</string>
		</dict>
		<key>3ADB3100893F0122E432328D</key>
		<dict>
			<key>buildConfigurations</key>
			<array>
				<string>E9B2E96ABC5F6856F2BE79CF</string>
				<string>5A8C91857F674E16E2724F47</string>
			</array>
			<key>defaultConfigurationIsVisible</key>
			<integer>0</integer>
			<key>defaultConfigurationName</key>
			<string>Release</string>
			<key>isa</key>
			<string>XCConfigurationList</string>
		</dict>
		<key>5A8C91857F674E16E2724F47</key>
		<dict>
			<key>buildSettings</key>
			<dict>
				<key>ASSETCATALOG_COMPILER_APPICON_NAME</key>
				<string>AppIcon</string>
				<key>CODE_SIGNING_ALLOWED</key>
				<string>NO</string>
				<key>CURRENT_PROJECT_VERSION</key>
				<string>1</string>
				<key>GENERATE_INFOPLIST_FILE</key>
				<string>YES</string>
				<key>INFOPLIST_KEY_CFBundleDisplayName</key>
				<string>折叠鼓机</string>
				<key>INFOPLIST_KEY_UIApplicationSceneManifest_Generation</key>
				<string>YES</string>
				<key>INFOPLIST_KEY_UILaunchScreen_Generation</key>
				<string>YES</string>
				<key>INFOPLIST_KEY_UISupportedInterfaceOrientations_iPad</key>
				<string>UIInterfaceOrientationPortrait UIInterfaceOrientationPortraitUpsideDown UIInterfaceOrientationLandscapeLeft UIInterfaceOrientationLandscapeRight</string>
				<key>INFOPLIST_KEY_UISupportedInterfaceOrientations_iPhone</key>
				<string>UIInterfaceOrientationPortrait UIInterfaceOrientationLandscapeLeft UIInterfaceOrientationLandscapeRight</string>
				<key>MARKETING_VERSION</key>
				<string>0.1.0</string>
				<key>PRODUCT_BUNDLE_IDENTIFIER</key>
				<string>org.duodemos.foldbeat</string>
				<key>PRODUCT_NAME</key>
				<string>$(TARGET_NAME)</string>
				<key>SWIFT_EMIT_LOC_STRINGS</key>
				<string>YES</string>
				<key>SWIFT_OPTIMIZATION_LEVEL</key>
				<string>-O</string>
				<key>TARGETED_DEVICE_FAMILY</key>
				<string>1,2</string>
			</dict>
			<key>isa</key>
			<string>XCBuildConfiguration</string>
			<key>name</key>
			<string>Release</string>
		</dict>
		<key>72A8017E75795FC05F78F54C</key>
		<dict>
			<key>buildActionMask</key>
			<integer>2147483647</integer>
			<key>files</key>
			<array>
				<string>F886A817E67C3A673DBE06C5</string>
			</array>
			<key>isa</key>
			<string>PBXSourcesBuildPhase</string>
			<key>runOnlyForDeploymentPostprocessing</key>
			<integer>0</integer>
		</dict>
		<key>7561BFB015D8F536760CB671</key>
		<dict>
			<key>buildActionMask</key>
			<integer>2147483647</integer>
			<key>files</key>
			<array/>
			<key>isa</key>
			<string>PBXFrameworksBuildPhase</string>
			<key>runOnlyForDeploymentPostprocessing</key>
			<integer>0</integer>
		</dict>
		<key>89E1FD6268CC0F221A2BE178</key>
		<dict>
			<key>buildSettings</key>
			<dict>
				<key>CLANG_ENABLE_MODULES</key>
				<string>YES</string>
				<key>IPHONEOS_DEPLOYMENT_TARGET</key>
				<string>27.1</string>
				<key>SDKROOT</key>
				<string>iphoneos</string>
				<key>SWIFT_ACTIVE_COMPILATION_CONDITIONS</key>
				<string>DEBUG</string>
				<key>SWIFT_DEFAULT_ACTOR_ISOLATION</key>
				<string>MainActor</string>
				<key>SWIFT_OPTIMIZATION_LEVEL</key>
				<string>-Onone</string>
				<key>SWIFT_STRICT_CONCURRENCY</key>
				<string>complete</string>
				<key>SWIFT_VERSION</key>
				<string>6.0</string>
			</dict>
			<key>isa</key>
			<string>XCBuildConfiguration</string>
			<key>name</key>
			<string>Debug</string>
		</dict>
		<key>98B4F1399CA308E13550A291</key>
		<dict>
			<key>isa</key>
			<string>PBXFileReference</string>
			<key>lastKnownFileType</key>
			<string>sourcecode.swift</string>
			<key>path</key>
			<string>FoldBeatApp.swift</string>
			<key>sourceTree</key>
			<string>&lt;group&gt;</string>
		</dict>
		<key>98F54143AB4E86B28C3AFEE0</key>
		<dict>
			<key>attributes</key>
			<dict>
				<key>LastUpgradeCheck</key>
				<string>2710</string>
			</dict>
			<key>buildConfigurationList</key>
			<string>FBD3510CED826C9DAA696E48</string>
			<key>compatibilityVersion</key>
			<string>Xcode 14.0</string>
			<key>developmentRegion</key>
			<string>zh-Hans</string>
			<key>isa</key>
			<string>PBXProject</string>
			<key>knownRegions</key>
			<array>
				<string>zh-Hans</string>
				<string>en</string>
				<string>Base</string>
			</array>
			<key>mainGroup</key>
			<string>B28B7AF69320201D1CF206EB</string>
			<key>productRefGroup</key>
			<string>FBDC4F23F93125BBEEAE800C</string>
			<key>projectDirPath</key>
			<string></string>
			<key>projectRoot</key>
			<string></string>
			<key>targets</key>
			<array>
				<string>0E8A3AD980EC179856012B7E</string>
			</array>
		</dict>
		<key>B28B7AF69320201D1CF206EB</key>
		<dict>
			<key>children</key>
			<array>
				<string>BCE16DD0260827ECF338C787</string>
				<string>FBDC4F23F93125BBEEAE800C</string>
				<string>3685E330EC5277A9DD5661C6</string>
			</array>
			<key>isa</key>
			<string>PBXGroup</string>
			<key>sourceTree</key>
			<string>&lt;group&gt;</string>
		</dict>
		<key>BCE16DD0260827ECF338C787</key>
		<dict>
			<key>children</key>
			<array>
				<string>98B4F1399CA308E13550A291</string>
			</array>
			<key>isa</key>
			<string>PBXGroup</string>
			<key>path</key>
			<string>Sources</string>
			<key>sourceTree</key>
			<string>&lt;group&gt;</string>
		</dict>
		<key>CF8A4D27E1C506A7C75A76BE</key>
		<dict>
			<key>fileRef</key>
			<string>3685E330EC5277A9DD5661C6</string>
			<key>isa</key>
			<string>PBXBuildFile</string>
		</dict>
		<key>E6DE6C99132752C914FEF632</key>
		<dict>
			<key>buildSettings</key>
			<dict>
				<key>CLANG_ENABLE_MODULES</key>
				<string>YES</string>
				<key>IPHONEOS_DEPLOYMENT_TARGET</key>
				<string>27.1</string>
				<key>SDKROOT</key>
				<string>iphoneos</string>
				<key>SWIFT_DEFAULT_ACTOR_ISOLATION</key>
				<string>MainActor</string>
				<key>SWIFT_OPTIMIZATION_LEVEL</key>
				<string>-O</string>
				<key>SWIFT_STRICT_CONCURRENCY</key>
				<string>complete</string>
				<key>SWIFT_VERSION</key>
				<string>6.0</string>
			</dict>
			<key>isa</key>
			<string>XCBuildConfiguration</string>
			<key>name</key>
			<string>Release</string>
		</dict>
		<key>E9B2E96ABC5F6856F2BE79CF</key>
		<dict>
			<key>buildSettings</key>
			<dict>
				<key>ASSETCATALOG_COMPILER_APPICON_NAME</key>
				<string>AppIcon</string>
				<key>CODE_SIGNING_ALLOWED</key>
				<string>NO</string>
				<key>CURRENT_PROJECT_VERSION</key>
				<string>1</string>
				<key>GENERATE_INFOPLIST_FILE</key>
				<string>YES</string>
				<key>INFOPLIST_KEY_CFBundleDisplayName</key>
				<string>折叠鼓机</string>
				<key>INFOPLIST_KEY_UIApplicationSceneManifest_Generation</key>
				<string>YES</string>
				<key>INFOPLIST_KEY_UILaunchScreen_Generation</key>
				<string>YES</string>
				<key>INFOPLIST_KEY_UISupportedInterfaceOrientations_iPad</key>
				<string>UIInterfaceOrientationPortrait UIInterfaceOrientationPortraitUpsideDown UIInterfaceOrientationLandscapeLeft UIInterfaceOrientationLandscapeRight</string>
				<key>INFOPLIST_KEY_UISupportedInterfaceOrientations_iPhone</key>
				<string>UIInterfaceOrientationPortrait UIInterfaceOrientationLandscapeLeft UIInterfaceOrientationLandscapeRight</string>
				<key>MARKETING_VERSION</key>
				<string>0.1.0</string>
				<key>PRODUCT_BUNDLE_IDENTIFIER</key>
				<string>org.duodemos.foldbeat</string>
				<key>PRODUCT_NAME</key>
				<string>$(TARGET_NAME)</string>
				<key>SWIFT_ACTIVE_COMPILATION_CONDITIONS</key>
				<string>DEBUG</string>
				<key>SWIFT_EMIT_LOC_STRINGS</key>
				<string>YES</string>
				<key>SWIFT_OPTIMIZATION_LEVEL</key>
				<string>-Onone</string>
				<key>TARGETED_DEVICE_FAMILY</key>
				<string>1,2</string>
			</dict>
			<key>isa</key>
			<string>XCBuildConfiguration</string>
			<key>name</key>
			<string>Debug</string>
		</dict>
		<key>F886A817E67C3A673DBE06C5</key>
		<dict>
			<key>fileRef</key>
			<string>98B4F1399CA308E13550A291</string>
			<key>isa</key>
			<string>PBXBuildFile</string>
		</dict>
		<key>FBD3510CED826C9DAA696E48</key>
		<dict>
			<key>buildConfigurations</key>
			<array>
				<string>89E1FD6268CC0F221A2BE178</string>
				<string>E6DE6C99132752C914FEF632</string>
			</array>
			<key>defaultConfigurationIsVisible</key>
			<integer>0</integer>
			<key>defaultConfigurationName</key>
			<string>Release</string>
			<key>isa</key>
			<string>XCConfigurationList</string>
		</dict>
		<key>FBDC4F23F93125BBEEAE800C</key>
		<dict>
			<key>children</key>
			<array>
				<string>38A007151ABE87CC01A5B6E9</string>
			</array>
			<key>isa</key>
			<string>PBXGroup</string>
			<key>name</key>
			<string>Products</string>
			<key>sourceTree</key>
			<string>&lt;group&gt;</string>
		</dict>
	</dict>
	<key>rootObject</key>
	<string>98F54143AB4E86B28C3AFEE0</string>
</dict>
</plist>
